{
    "_readme": [
        "This file locks the dependencies of your project to a known state",
        "Read more about it at https://getcomposer.org/doc/01-basic-usage.md#installing-dependencies",
        "This file is @generated automatically"
    ],
    "content-hash": "e0a3b82caa4c0439d0c5bbe511830904",
    "packages": [
        {
            "name": "intervention/gif",
            "version": "4.0.0",
            "source": {
                "type": "git",
                "url": "https://github.com/Intervention/gif.git",
                "reference": "521010e0cf1f5cde9df54b8adcd7496ab5f1504f"
            },
            "dist": {
                "type": "zip",
                "url": "https://api.github.com/repos/Intervention/gif/zipball/521010e0cf1f5cde9df54b8adcd7496ab5f1504f",
                "reference": "521010e0cf1f5cde9df54b8adcd7496ab5f1504f",
                "shasum": ""
            },
            "require": {
                "php": "^8.1"
            },
            "require-dev": {
                "phpstan/phpstan": "^1",
                "phpunit/phpunit": "^9"
            },
            "type": "library",
            "autoload": {
                "psr-4": {
                    "Intervention\\Gif\\": "src"
                }
            },
            "notification-url": "https://packagist.org/downloads/",
            "license": [
                "MIT"
            ],
            "authors": [
                {
                    "name": "Oliver Vogel",
                    "email": "oliver@intervention.io",
                    "homepage": "https://intervention.io/"
                }
            ],
            "description": "Native PHP GIF Encoder/Decoder",
            "homepage": "https://github.com/intervention/gif",
            "keywords": [
                "animation",
                "gd",
                "gif",
                "image"
            ],
            "support": {
                "issues": "https://github.com/Intervention/gif/issues",
                "source": "https://github.com/Intervention/gif/tree/4.0.0"
            },
            "time": "2024-01-06T16:35:57+00:00"
        },
        {
            "name": "intervention/image",
            "version": "3.2.4",
            "source": {
                "type": "git",
                "url": "https://github.com/Intervention/image.git",
                "reference": "e04c51b367fad2b010758e74528041484cd8d2f7"
            },
            "dist": {
                "type": "zip",
                "url": "https://api.github.com/repos/Intervention/image/zipball/e04c51b367fad2b010758e74528041484cd8d2f7",
                "reference": "e04c51b367fad2b010758e74528041484cd8d2f7",
                "shasum": ""
            },
            "require": {
                "ext-mbstring": "*",
                "intervention/gif": "^4",
                "php": "^8.1"
            },
            "require-dev": {
                "mockery/mockery": "^1.6",
                "phpstan/phpstan": "^1",
                "phpunit/phpunit": "^9"
            },
            "suggest": {
                "ext-exif": "Recommended to be able to read EXIF data properly."
            },
            "type": "library",
            "autoload": {
                "psr-4": {
                    "Intervention\\Image\\": "src"
                }
            },
            "notification-url": "https://packagist.org/downloads/",
            "license": [
                "MIT"
            ],
            "authors": [
                {
                    "name": "Oliver Vogel",
                    "email": "oliver@intervention.io",
                    "homepage": "https://intervention.io/"
                }
            ],
            "description": "PHP image manipulation",
            "homepage": "https://image.intervention.io/",
            "keywords": [
                "gd",
                "image",
                "imagick",
                "resize",
                "thumbnail",
                "watermark"
            ],
            "support": {
                "issues": "https://github.com/Intervention/image/issues",
                "source": "https://github.com/Intervention/image/tree/3.2.4"
            },
            "funding": [
                {
                    "url": "https://paypal.me/interventionio",
                    "type": "custom"
                },
                {
                    "url": "https://github.com/Intervention",
                    "type": "github"
                }
            ],
            "time": "2024-01-14T07:47:00+00:00"
        },
        {
            "name": "kub-at/php-simple-html-dom-parser",
            "version": "1.9.1",
            "source": {
                "type": "git",
                "url": "https://github.com/Kub-AT/php-simple-html-dom-parser.git",
                "reference": "ff22f98bfd9235115c128059076f3eb740d66913"
            },
            "dist": {
                "type": "zip",
                "url": "https://api.github.com/repos/Kub-AT/php-simple-html-dom-parser/zipball/ff22f98bfd9235115c128059076f3eb740d66913",
                "reference": "ff22f98bfd9235115c128059076f3eb740d66913",
                "shasum": ""
            },
            "require": {
                "php": ">=5.3.2"
            },
            "type": "library",
            "autoload": {
                "psr-0": {
                    "KubAT\\PhpSimple\\HtmlDomParser": "src/"
                }
            },
            "notification-url": "https://packagist.org/downloads/",
            "license": [
                "MIT"
            ],
            "authors": [
                {
                    "name": "S.C. Chen",
                    "email": "me578022@gmail.com"
                },
                {
                    "name": "Jakub Stawowy",
                    "email": "Kub-AT@users.noreply.github.com"
                }
            ],
            "description": "PHP Simple HTML DOM Parser with namespace and PHP 7.3 compatible",
            "homepage": "http://simplehtmldom.sourceforge.net/",
            "keywords": [
                "Simple",
                "dom",
                "html"
            ],
            "support": {
                "issues": "https://github.com/Kub-AT/php-simple-html-dom-parser/issues",
                "source": "https://github.com/Kub-AT/php-simple-html-dom-parser/tree/master"
            },
            "time": "2019-10-25T12:34:43+00:00"
        }
    ],
    "packages-dev": [],
    "aliases": [],
    "minimum-stability": "stable",
    "stability-flags": [],
    "prefer-stable": false,
    "prefer-lowest": false,
    "platform": [],
    "platform-dev": [],
    "plugin-api-version": "2.6.0"
}
